PODS:
  - EasyOptions (0.1.0)
  - FBSnapshotTestCase (2.1.4):
    - FBSnapshotTestCase/SwiftSupport (= 2.1.4)
  - FBSnapshotTestCase/Core (2.1.4)
  - FBSnapshotTestCase/SwiftSupport (2.1.4):
    - FBSnapshotTestCase/Core

DEPENDENCIES:
  - EasyOptions (from `../`)
  - FBSnapshotTestCase (~> 2.1.4)

SPEC REPOS:
  trunk:
    - FBSnapshotTestCase

EXTERNAL SOURCES:
  EasyOptions:
    :path: "../"

SPEC CHECKSUMS:
  EasyOptions: c7e6c82d2c25ef2f38da6bbd2059a5fbde86add6
  FBSnapshotTestCase: 094f9f314decbabe373b87cc339bea235a63e07a

PODFILE CHECKSUM: b1ac03476322d2500cc6876eb52687f6c40919c5

COCOAPODS: 1.8.4
